{
  "requires": true,
  "lockfileVersion": 1,
  "dependencies": {
    "axe-core": {
      "version": "3.4.1",
      "resolved": "https://registry.npmjs.org/axe-core/-/axe-core-3.4.1.tgz",
      "integrity": "sha512-+EhIdwR0hF6aeMx46gFDUy6qyCfsL0DmBrV3Z+LxYbsOd8e1zBaPHa3f9Rbjsz2dEwSBkLw6TwML/CAIIAqRpw=="
    }
  }
}
