{
  "requires": true,
  "lockfileVersion": 1,
  "dependencies": {
    "axe-core": {
      "version": "4.4.0",
      "resolved": "https://registry.npmjs.org/axe-core/-/axe-core-4.4.0.tgz",
      "integrity": "sha512-btWy2rze3NnxSSxb7LtNhPYYFrRoFBfjiGzmSc/5Hu47wApO2KNXjP/w7Nv2Uz/Fyr/pfEiwOkcXhDxu0jz5FA=="
    }
  }
}
