{
  "requires": true,
  "lockfileVersion": 1,
  "dependencies": {
    "axe-core": {
      "version": "4.4.2",
      "resolved": "https://registry.npmjs.org/axe-core/-/axe-core-4.4.2.tgz",
      "integrity": "sha512-LVAaGp/wkkgYJcjmHsoKx4juT1aQvJyPcW09MLCjVTh3V2cc6PnyempiLMNH5iMdfIX/zdbjUx2KDjMLCTdPeA=="
    }
  }
}
